
Microsoft Visual Studio Solution File, Format Version 12.00
# Visual Studio 14
VisualStudioVersion = 14.0.25420.1
MinimumVisualStudioVersion = 10.0.40219.1
Project("{8BC9CEB8-8B4A-11D0-8D11-00A0C91BC942}") = "AVPlayerCore", "AVPlayerCore\AVPlayerCore.vcxproj", "{ACABC0E9-248A-4E44-AC81-1DA0941CDACD}"
EndProject
Project("{8BC9CEB8-8B4A-11D0-8D11-00A0C91BC942}") = "AVPlayerTest", "AVPlayerTest\AVPlayerTest.vcxproj", "{6E64BE64-B74A-46AE-ABAC-6EF85FDA2ACA}"
	ProjectSection(ProjectDependencies) = postProject
		{ACABC0E9-248A-4E44-AC81-1DA0941CDACD} = {ACABC0E9-248A-4E44-AC81-1DA0941CDACD}
	EndProjectSection
EndProject
Project("{8BC9CEB8-8B4A-11D0-8D11-00A0C91BC942}") = "DuiLib", "DuiLib\DuiLib.vcxproj", "{E106ACD7-4E53-4AEE-942B-D0DD426DB34E}"
EndProject
Project("{8BC9CEB8-8B4A-11D0-8D11-00A0C91BC942}") = "AVPlayer", "AVPlayer\AVPlayer.vcxproj", "{08A88CC0-15A4-4491-ABCB-EF4569B715C8}"
	ProjectSection(ProjectDependencies) = postProject
		{E106ACD7-4E53-4AEE-942B-D0DD426DB34E} = {E106ACD7-4E53-4AEE-942B-D0DD426DB34E}
		{ACABC0E9-248A-4E44-AC81-1DA0941CDACD} = {ACABC0E9-248A-4E44-AC81-1DA0941CDACD}
	EndProjectSection
EndProject
Project("{8BC9CEB8-8B4A-11D0-8D11-00A0C91BC942}") = "TestOpengl", "TestOpengl\TestOpengl.vcxproj", "{65EF62AB-26F4-4E00-ACCC-3AD4332D00CB}"
EndProject
Global
	GlobalSection(SolutionConfigurationPlatforms) = preSolution
		Debug|x64 = Debug|x64
		Debug|x86 = Debug|x86
		Release|x64 = Release|x64
		Release|x86 = Release|x86
	EndGlobalSection
	GlobalSection(ProjectConfigurationPlatforms) = postSolution
		{ACABC0E9-248A-4E44-AC81-1DA0941CDACD}.Debug|x64.ActiveCfg = Debug|x64
		{ACABC0E9-248A-4E44-AC81-1DA0941CDACD}.Debug|x64.Build.0 = Debug|x64
		{ACABC0E9-248A-4E44-AC81-1DA0941CDACD}.Debug|x86.ActiveCfg = Debug|Win32
		{ACABC0E9-248A-4E44-AC81-1DA0941CDACD}.Debug|x86.Build.0 = Debug|Win32
		{ACABC0E9-248A-4E44-AC81-1DA0941CDACD}.Release|x64.ActiveCfg = Release|x64
		{ACABC0E9-248A-4E44-AC81-1DA0941CDACD}.Release|x64.Build.0 = Release|x64
		{ACABC0E9-248A-4E44-AC81-1DA0941CDACD}.Release|x86.ActiveCfg = Release|Win32
		{ACABC0E9-248A-4E44-AC81-1DA0941CDACD}.Release|x86.Build.0 = Release|Win32
		{6E64BE64-B74A-46AE-ABAC-6EF85FDA2ACA}.Debug|x64.ActiveCfg = Debug|x64
		{6E64BE64-B74A-46AE-ABAC-6EF85FDA2ACA}.Debug|x64.Build.0 = Debug|x64
		{6E64BE64-B74A-46AE-ABAC-6EF85FDA2ACA}.Debug|x86.ActiveCfg = Debug|Win32
		{6E64BE64-B74A-46AE-ABAC-6EF85FDA2ACA}.Debug|x86.Build.0 = Debug|Win32
		{6E64BE64-B74A-46AE-ABAC-6EF85FDA2ACA}.Release|x64.ActiveCfg = Release|x64
		{6E64BE64-B74A-46AE-ABAC-6EF85FDA2ACA}.Release|x64.Build.0 = Release|x64
		{6E64BE64-B74A-46AE-ABAC-6EF85FDA2ACA}.Release|x86.ActiveCfg = Release|Win32
		{6E64BE64-B74A-46AE-ABAC-6EF85FDA2ACA}.Release|x86.Build.0 = Release|Win32
		{E106ACD7-4E53-4AEE-942B-D0DD426DB34E}.Debug|x64.ActiveCfg = Debug|Win32
		{E106ACD7-4E53-4AEE-942B-D0DD426DB34E}.Debug|x86.ActiveCfg = Debug|Win32
		{E106ACD7-4E53-4AEE-942B-D0DD426DB34E}.Debug|x86.Build.0 = Debug|Win32
		{E106ACD7-4E53-4AEE-942B-D0DD426DB34E}.Release|x64.ActiveCfg = Release|Win32
		{E106ACD7-4E53-4AEE-942B-D0DD426DB34E}.Release|x86.ActiveCfg = Release|Win32
		{E106ACD7-4E53-4AEE-942B-D0DD426DB34E}.Release|x86.Build.0 = Release|Win32
		{08A88CC0-15A4-4491-ABCB-EF4569B715C8}.Debug|x64.ActiveCfg = Debug|x64
		{08A88CC0-15A4-4491-ABCB-EF4569B715C8}.Debug|x64.Build.0 = Debug|x64
		{08A88CC0-15A4-4491-ABCB-EF4569B715C8}.Debug|x86.ActiveCfg = Debug|Win32
		{08A88CC0-15A4-4491-ABCB-EF4569B715C8}.Debug|x86.Build.0 = Debug|Win32
		{08A88CC0-15A4-4491-ABCB-EF4569B715C8}.Release|x64.ActiveCfg = Release|x64
		{08A88CC0-15A4-4491-ABCB-EF4569B715C8}.Release|x64.Build.0 = Release|x64
		{08A88CC0-15A4-4491-ABCB-EF4569B715C8}.Release|x86.ActiveCfg = Release|Win32
		{08A88CC0-15A4-4491-ABCB-EF4569B715C8}.Release|x86.Build.0 = Release|Win32
		{65EF62AB-26F4-4E00-ACCC-3AD4332D00CB}.Debug|x64.ActiveCfg = Debug|x64
		{65EF62AB-26F4-4E00-ACCC-3AD4332D00CB}.Debug|x64.Build.0 = Debug|x64
		{65EF62AB-26F4-4E00-ACCC-3AD4332D00CB}.Debug|x86.ActiveCfg = Debug|Win32
		{65EF62AB-26F4-4E00-ACCC-3AD4332D00CB}.Debug|x86.Build.0 = Debug|Win32
		{65EF62AB-26F4-4E00-ACCC-3AD4332D00CB}.Release|x64.ActiveCfg = Release|x64
		{65EF62AB-26F4-4E00-ACCC-3AD4332D00CB}.Release|x64.Build.0 = Release|x64
		{65EF62AB-26F4-4E00-ACCC-3AD4332D00CB}.Release|x86.ActiveCfg = Release|Win32
		{65EF62AB-26F4-4E00-ACCC-3AD4332D00CB}.Release|x86.Build.0 = Release|Win32
	EndGlobalSection
	GlobalSection(SolutionProperties) = preSolution
		HideSolutionNode = FALSE
	EndGlobalSection
EndGlobal
