<?xml version="1.0" encoding="utf-8"?>
<Project ToolsVersion="4.0" xmlns="http://schemas.microsoft.com/developer/msbuild/2003">
  <ItemGroup>
    <Filter Include="源文件">
      <UniqueIdentifier>{4FC737F1-C7A5-4376-A066-2A32D752A2FF}</UniqueIdentifier>
      <Extensions>cpp;c;cc;cxx;def;odl;idl;hpj;bat;asm;asmx</Extensions>
    </Filter>
    <Filter Include="头文件">
      <UniqueIdentifier>{93995380-89BD-4b04-88EB-625FBE52EBFB}</UniqueIdentifier>
      <Extensions>h;hh;hpp;hxx;hm;inl;inc;xsd</Extensions>
    </Filter>
    <Filter Include="资源文件">
      <UniqueIdentifier>{67DA6AB6-F800-4c08-8B7A-83BB121AAD01}</UniqueIdentifier>
      <Extensions>rc;ico;cur;bmp;dlg;rc2;rct;bin;rgs;gif;jpg;jpeg;jpe;resx;tiff;tif;png;wav;mfcribbon-ms</Extensions>
    </Filter>
    <Filter Include="player">
      <UniqueIdentifier>{3653eb2d-de69-48bb-9e64-5c829fc8c633}</UniqueIdentifier>
    </Filter>
    <Filter Include="sound">
      <UniqueIdentifier>{ecb22e7f-2dc9-4816-9ed5-417f64c047fd}</UniqueIdentifier>
    </Filter>
    <Filter Include="single">
      <UniqueIdentifier>{adfb8804-d78c-4711-a67e-f2baa15e6f0d}</UniqueIdentifier>
    </Filter>
    <Filter Include="render">
      <UniqueIdentifier>{018ab40f-3255-4ed8-aa73-269e64973535}</UniqueIdentifier>
    </Filter>
    <Filter Include="decoder">
      <UniqueIdentifier>{f2208d8b-becf-4c29-99a2-e9fd849b1a30}</UniqueIdentifier>
    </Filter>
  </ItemGroup>
  <ItemGroup>
    <Text Include="ReadMe.txt" />
  </ItemGroup>
  <ItemGroup>
    <ClInclude Include="stdafx.h">
      <Filter>头文件</Filter>
    </ClInclude>
    <ClInclude Include="targetver.h">
      <Filter>头文件</Filter>
    </ClInclude>
    <ClInclude Include="VideoPlayer.h">
      <Filter>头文件</Filter>
    </ClInclude>
    <ClInclude Include="AudioPlayer.h">
      <Filter>头文件</Filter>
    </ClInclude>
    <ClInclude Include="VideoDefine.h">
      <Filter>头文件</Filter>
    </ClInclude>
    <ClInclude Include="Lock.h">
      <Filter>头文件</Filter>
    </ClInclude>
    <ClInclude Include="Queue.h">
      <Filter>头文件</Filter>
    </ClInclude>
    <ClInclude Include="AudioDefine.h">
      <Filter>头文件</Filter>
    </ClInclude>
    <ClInclude Include="AVPlayerDefine.h">
      <Filter>头文件</Filter>
    </ClInclude>
    <ClInclude Include="DecoderFactory.h">
      <Filter>decoder</Filter>
    </ClInclude>
    <ClInclude Include="FFmpegDecoder.h">
      <Filter>decoder</Filter>
    </ClInclude>
    <ClInclude Include="DecoderDefine.h">
      <Filter>decoder</Filter>
    </ClInclude>
    <ClInclude Include="SoundDefine.h">
      <Filter>sound</Filter>
    </ClInclude>
    <ClInclude Include="SDLSound.h">
      <Filter>sound</Filter>
    </ClInclude>
    <ClInclude Include="SoundFactory.h">
      <Filter>sound</Filter>
    </ClInclude>
    <ClInclude Include="RenderDefine.h">
      <Filter>render</Filter>
    </ClInclude>
    <ClInclude Include="GlRender.h">
      <Filter>render</Filter>
    </ClInclude>
    <ClInclude Include="SDLRender.h">
      <Filter>render</Filter>
    </ClInclude>
    <ClInclude Include="RenderFactory.h">
      <Filter>render</Filter>
    </ClInclude>
    <ClInclude Include="SingleModule.h">
      <Filter>single</Filter>
    </ClInclude>
    <ClInclude Include="ClockMgr.h">
      <Filter>头文件</Filter>
    </ClInclude>
    <ClInclude Include="AVPlayerImpl.h">
      <Filter>player</Filter>
    </ClInclude>
    <ClInclude Include="AVPlayer.h">
      <Filter>头文件</Filter>
    </ClInclude>
  </ItemGroup>
  <ItemGroup>
    <ClCompile Include="stdafx.cpp">
      <Filter>源文件</Filter>
    </ClCompile>
    <ClCompile Include="dllmain.cpp">
      <Filter>源文件</Filter>
    </ClCompile>
    <ClCompile Include="VideoPlayer.cpp">
      <Filter>源文件</Filter>
    </ClCompile>
    <ClCompile Include="AudioPlayer.cpp">
      <Filter>源文件</Filter>
    </ClCompile>
    <ClCompile Include="FFmpegDecoder.cpp">
      <Filter>decoder</Filter>
    </ClCompile>
    <ClCompile Include="DecoderFactory.cpp">
      <Filter>decoder</Filter>
    </ClCompile>
    <ClCompile Include="SDLSound.cpp">
      <Filter>sound</Filter>
    </ClCompile>
    <ClCompile Include="SoundFactory.cpp">
      <Filter>sound</Filter>
    </ClCompile>
    <ClCompile Include="GlRender.cpp">
      <Filter>render</Filter>
    </ClCompile>
    <ClCompile Include="SDLRender.cpp">
      <Filter>render</Filter>
    </ClCompile>
    <ClCompile Include="RenderFactory.cpp">
      <Filter>render</Filter>
    </ClCompile>
    <ClCompile Include="ClockMgr.cpp">
      <Filter>源文件</Filter>
    </ClCompile>
    <ClCompile Include="AVPlayerImpl.cpp">
      <Filter>player</Filter>
    </ClCompile>
    <ClCompile Include="AVPlayer.cpp">
      <Filter>源文件</Filter>
    </ClCompile>
  </ItemGroup>
</Project>